
Microsoft Visual Studio Solution File, Format Version 12.00
# Visual Studio Version 17
VisualStudioVersion = 17.14.36915.13
MinimumVisualStudioVersion = 10.0.40219.1
Project("{2150E333-8FDC-42A3-9474-1A3956D46DE8}") = "Services", "Services", "{02EA681E-C7D8-13C7-8484-4AC65E1B71E8}"
EndProject
Project("{2150E333-8FDC-42A3-9474-1A3956D46DE8}") = "Catalog", "Catalog", "{507358DA-54FA-4740-8BDC-7B8EFC6C7A10}"
EndProject
Project("{FAE04EC0-301F-11D3-BF4B-00C04F79EFBC}") = "MultiShop.Catalog", "Services\Catalog\MultiShop.Catalog\MultiShop.Catalog.csproj", "{515707AE-46DA-409E-8414-FA10BBF1A0FB}"
EndProject
Project("{2150E333-8FDC-42A3-9474-1A3956D46DE8}") = "Discount", "Discount", "{5107D692-A83F-4B9B-B276-CDF10B06F48D}"
EndProject
Project("{FAE04EC0-301F-11D3-BF4B-00C04F79EFBC}") = "MultiShop.Discount", "Services\Discount\MultiShop.Discount\MultiShop.Discount.csproj", "{636F2554-FD8C-42A5-BDEF-24C0E265FC73}"
EndProject
Project("{2150E333-8FDC-42A3-9474-1A3956D46DE8}") = "Order", "Order", "{62D2B539-9C38-4F50-B494-7A28DB908FE4}"
EndProject
Project("{2150E333-8FDC-42A3-9474-1A3956D46DE8}") = "Core", "Core", "{64C239A4-20AC-44F0-B81C-A2EE5FCFE541}"
EndProject
Project("{2150E333-8FDC-42A3-9474-1A3956D46DE8}") = "Infrastructure", "Infrastructure", "{DDB49DAE-D529-44A1-9DA5-7D6B1F4E9BBC}"
EndProject
Project("{2150E333-8FDC-42A3-9474-1A3956D46DE8}") = "Presentation", "Presentation", "{F417005A-651D-479E-90D9-679A70BE5EB6}"
EndProject
Project("{FAE04EC0-301F-11D3-BF4B-00C04F79EFBC}") = "MultiShop.Order.Domain", "Services\Order\Core\MultiShop.Order.Domain\MultiShop.Order.Domain.csproj", "{1A0097FB-4D06-4FF0-940D-960138E580E9}"
EndProject
Project("{FAE04EC0-301F-11D3-BF4B-00C04F79EFBC}") = "MultiShop.Order.Application", "Services\Order\Core\MultiShop.Order.Application\MultiShop.Order.Application.csproj", "{C8B7E84F-0522-4B0A-B137-91071E5E95CC}"
EndProject
Project("{FAE04EC0-301F-11D3-BF4B-00C04F79EFBC}") = "MultiShop.Order.Persistence", "Services\Order\Infrastructure\MultiShop.Order.Persistence\MultiShop.Order.Persistence.csproj", "{1D4D20DA-239C-4CF1-8CBD-FF0B6452BE6D}"
EndProject
Project("{FAE04EC0-301F-11D3-BF4B-00C04F79EFBC}") = "MultiShop.Order.WebApi", "Services\Order\Presentation\MultiShop.Order.WebApi\MultiShop.Order.WebApi.csproj", "{2C2516C5-7C28-41D1-B403-E6E4E17DBBE4}"
EndProject
Project("{2150E333-8FDC-42A3-9474-1A3956D46DE8}") = "IdentityServer", "IdentityServer", "{CFAE3866-AF1B-4F3D-BF1A-100AC384642F}"
EndProject
Project("{FAE04EC0-301F-11D3-BF4B-00C04F79EFBC}") = "MultiShop.IdentityServer", "IdentityServer\MultiShop.IdentityServer\MultiShop.IdentityServer.csproj", "{EA14094F-FB55-5ABC-1402-B4229C4AD0B1}"
EndProject
Project("{2150E333-8FDC-42A3-9474-1A3956D46DE8}") = "Cargo", "Cargo", "{DB5B6422-D682-49E7-B6BE-BADA25789718}"
EndProject
Project("{FAE04EC0-301F-11D3-BF4B-00C04F79EFBC}") = "MultiShop.Cargo.EntityLayer", "Services\Cargo\MultiShop.Cargo.EntityLayer\MultiShop.Cargo.EntityLayer.csproj", "{5760279B-EA71-4D32-A812-604806956A6C}"
EndProject
Project("{FAE04EC0-301F-11D3-BF4B-00C04F79EFBC}") = "MultiShop.Cargo.BusinessLayer", "Services\Cargo\MultiShop.Cargo.BusinessLayer\MultiShop.Cargo.BusinessLayer.csproj", "{9CB88928-7091-46B0-83D8-5D92C06B838A}"
EndProject
Project("{FAE04EC0-301F-11D3-BF4B-00C04F79EFBC}") = "MultiShop.Cargo.DataAccessLayer", "Services\Cargo\MultiShop.Cargo.DataAccessLayer\MultiShop.Cargo.DataAccessLayer.csproj", "{A648AC06-8028-406B-B7CD-809C2967D782}"
EndProject
Project("{FAE04EC0-301F-11D3-BF4B-00C04F79EFBC}") = "MultiShop.Cargo.DtoLayer", "Services\Cargo\MultiShop.Cargo.DtoLayer\MultiShop.Cargo.DtoLayer.csproj", "{85645E0A-B9CA-49BF-B619-7F15AC05D6A6}"
EndProject
Project("{FAE04EC0-301F-11D3-BF4B-00C04F79EFBC}") = "MultiShop.Cargo.WebApi", "Services\Cargo\MultiShop.Cargo.WebApi\MultiShop.Cargo.WebApi.csproj", "{34E549B8-ECCB-495F-9B41-60D9E0CEC3B7}"
EndProject
Project("{2150E333-8FDC-42A3-9474-1A3956D46DE8}") = "Basket", "Basket", "{2F5E8C7A-AEE5-472C-ADAC-0D0CA5583749}"
EndProject
Project("{FAE04EC0-301F-11D3-BF4B-00C04F79EFBC}") = "MultiShop.Basket", "Services\Basket\MultiShop.Basket\MultiShop.Basket.csproj", "{6C7DE3C8-9A52-4124-B268-9183A413062D}"
EndProject
Project("{2150E333-8FDC-42A3-9474-1A3956D46DE8}") = "Frontends", "Frontends", "{F00A7721-9CB7-458A-8E4F-33D51E43D5CD}"
EndProject
Project("{FAE04EC0-301F-11D3-BF4B-00C04F79EFBC}") = "MultiShop.WebUI", "Frontends\MultiShop.WebUI\MultiShop.WebUI.csproj", "{42D744E7-89FE-40FB-9335-BEE0612D1159}"
EndProject
Project("{FAE04EC0-301F-11D3-BF4B-00C04F79EFBC}") = "MultiShop.DtoLayer", "Frontends\MultiShop.DtoLayer\MultiShop.DtoLayer.csproj", "{5E60E2D4-2518-4CAB-81DF-0E1F88F18536}"
EndProject
Project("{2150E333-8FDC-42A3-9474-1A3956D46DE8}") = "Comment", "Comment", "{ED21DD2A-AAFB-4E2A-A360-702D4190E832}"
EndProject
Project("{FAE04EC0-301F-11D3-BF4B-00C04F79EFBC}") = "MultiShop.Comment", "Services\Comment\MultiShop.Comment\MultiShop.Comment.csproj", "{73826397-4450-4660-8BFB-7E7498953F53}"
EndProject
Project("{2150E333-8FDC-42A3-9474-1A3956D46DE8}") = "ApiGateway", "ApiGateway", "{68E59B66-481E-4992-8490-61E3DAB46AB6}"
EndProject
Project("{FAE04EC0-301F-11D3-BF4B-00C04F79EFBC}") = "MultiShop.OcelotGateway", "ApiGateway\MultiShop.OcelotGateway\MultiShop.OcelotGateway.csproj", "{FF5A6DDE-E98E-479A-8DC2-EDF6D1B58764}"
EndProject
Project("{2150E333-8FDC-42A3-9474-1A3956D46DE8}") = "Payment", "Payment", "{D356115E-86D3-46D3-BC4D-B841B3A699BF}"
EndProject
Project("{FAE04EC0-301F-11D3-BF4B-00C04F79EFBC}") = "MultiShop.Payment", "Services\Payment\MultiShop.Payment\MultiShop.Payment.csproj", "{8D9EA2A0-B010-4A0E-855D-1987DB5B1895}"
EndProject
Project("{2150E333-8FDC-42A3-9474-1A3956D46DE8}") = "Images", "Images", "{F28DE4BF-B6AA-4916-A506-4234FC9FC0B9}"
EndProject
Project("{FAE04EC0-301F-11D3-BF4B-00C04F79EFBC}") = "MultiShop.Images", "Services\Images\MultiShop.Images\MultiShop.Images.csproj", "{E0EE66F9-5143-47DA-BB5E-423414C2533C}"
EndProject
Project("{2150E333-8FDC-42A3-9474-1A3956D46DE8}") = "Message", "Message", "{91963E65-1525-4BF7-9407-BC326CE69223}"
EndProject
Project("{FAE04EC0-301F-11D3-BF4B-00C04F79EFBC}") = "MultiShop.Message", "Services\Message\MultiShop.Message\MultiShop.Message.csproj", "{4E447F49-44BA-4A88-824F-A94751D92687}"
EndProject
Project("{2150E333-8FDC-42A3-9474-1A3956D46DE8}") = "SignalRRealTime", "SignalRRealTime", "{0EC661A1-016F-4871-8948-E4EEBA882B15}"
EndProject
Project("{FAE04EC0-301F-11D3-BF4B-00C04F79EFBC}") = "MultiShop.SignalRRealTimeApi", "Services\SignalRRealTime\MultiShop.SignalRRealTimeApi\MultiShop.SignalRRealTimeApi.csproj", "{24FF01C4-D19C-4904-91E9-CD79EDC64D2A}"
EndProject
Project("{2150E333-8FDC-42A3-9474-1A3956D46DE8}") = "RabbitMQMessage", "RabbitMQMessage", "{CD65F990-09A8-4E37-A7BE-EBE6861D1F5C}"
EndProject
Project("{FAE04EC0-301F-11D3-BF4B-00C04F79EFBC}") = "MultiShop.RabbitMQMessage", "Services\RabbitMQMessage\MultiShop.RabbitMQMessage\MultiShop.RabbitMQMessage.csproj", "{322A6D60-2695-40CD-B26B-52C8D878B606}"
EndProject
Project("{2150E333-8FDC-42A3-9474-1A3956D46DE8}") = "RapidApi", "RapidApi", "{F6837681-CAB8-484A-A076-19A1FB0B68D7}"
EndProject
Project("{FAE04EC0-301F-11D3-BF4B-00C04F79EFBC}") = "MultiShop.RapidApi", "Services\RapidApi\MultiShop.RapidApi\MultiShop.RapidApi.csproj", "{12034D31-9426-42BD-B519-745EEBD46B52}"
EndProject
Project("{2150E333-8FDC-42A3-9474-1A3956D46DE8}") = "Mail", "Mail", "{53E09DBE-89A2-68F1-03D1-1A4E597EA633}"
EndProject
Project("{FAE04EC0-301F-11D3-BF4B-00C04F79EFBC}") = "MultiShop.Mail", "Services\Mail\MultiShop.Mail\MultiShop.Mail.csproj", "{C13BA7C1-9B5B-4430-A19F-A6B3AA98BFD2}"
EndProject
Global
	GlobalSection(SolutionConfigurationPlatforms) = preSolution
		Debug|Any CPU = Debug|Any CPU
		Debug|x64 = Debug|x64
		Debug|x86 = Debug|x86
		Release|Any CPU = Release|Any CPU
		Release|x64 = Release|x64
		Release|x86 = Release|x86
	EndGlobalSection
	GlobalSection(ProjectConfigurationPlatforms) = postSolution
		{515707AE-46DA-409E-8414-FA10BBF1A0FB}.Debug|Any CPU.ActiveCfg = Debug|Any CPU
		{515707AE-46DA-409E-8414-FA10BBF1A0FB}.Debug|Any CPU.Build.0 = Debug|Any CPU
		{515707AE-46DA-409E-8414-FA10BBF1A0FB}.Debug|x64.ActiveCfg = Debug|Any CPU
		{515707AE-46DA-409E-8414-FA10BBF1A0FB}.Debug|x64.Build.0 = Debug|Any CPU
		{515707AE-46DA-409E-8414-FA10BBF1A0FB}.Debug|x86.ActiveCfg = Debug|Any CPU
		{515707AE-46DA-409E-8414-FA10BBF1A0FB}.Debug|x86.Build.0 = Debug|Any CPU
		{515707AE-46DA-409E-8414-FA10BBF1A0FB}.Release|Any CPU.ActiveCfg = Release|Any CPU
		{515707AE-46DA-409E-8414-FA10BBF1A0FB}.Release|Any CPU.Build.0 = Release|Any CPU
		{515707AE-46DA-409E-8414-FA10BBF1A0FB}.Release|x64.ActiveCfg = Release|Any CPU
		{515707AE-46DA-409E-8414-FA10BBF1A0FB}.Release|x64.Build.0 = Release|Any CPU
		{515707AE-46DA-409E-8414-FA10BBF1A0FB}.Release|x86.ActiveCfg = Release|Any CPU
		{515707AE-46DA-409E-8414-FA10BBF1A0FB}.Release|x86.Build.0 = Release|Any CPU
		{636F2554-FD8C-42A5-BDEF-24C0E265FC73}.Debug|Any CPU.ActiveCfg = Debug|Any CPU
		{636F2554-FD8C-42A5-BDEF-24C0E265FC73}.Debug|Any CPU.Build.0 = Debug|Any CPU
		{636F2554-FD8C-42A5-BDEF-24C0E265FC73}.Debug|x64.ActiveCfg = Debug|Any CPU
		{636F2554-FD8C-42A5-BDEF-24C0E265FC73}.Debug|x64.Build.0 = Debug|Any CPU
		{636F2554-FD8C-42A5-BDEF-24C0E265FC73}.Debug|x86.ActiveCfg = Debug|Any CPU
		{636F2554-FD8C-42A5-BDEF-24C0E265FC73}.Debug|x86.Build.0 = Debug|Any CPU
		{636F2554-FD8C-42A5-BDEF-24C0E265FC73}.Release|Any CPU.ActiveCfg = Release|Any CPU
		{636F2554-FD8C-42A5-BDEF-24C0E265FC73}.Release|Any CPU.Build.0 = Release|Any CPU
		{636F2554-FD8C-42A5-BDEF-24C0E265FC73}.Release|x64.ActiveCfg = Release|Any CPU
		{636F2554-FD8C-42A5-BDEF-24C0E265FC73}.Release|x64.Build.0 = Release|Any CPU
		{636F2554-FD8C-42A5-BDEF-24C0E265FC73}.Release|x86.ActiveCfg = Release|Any CPU
		{636F2554-FD8C-42A5-BDEF-24C0E265FC73}.Release|x86.Build.0 = Release|Any CPU
		{1A0097FB-4D06-4FF0-940D-960138E580E9}.Debug|Any CPU.ActiveCfg = Debug|Any CPU
		{1A0097FB-4D06-4FF0-940D-960138E580E9}.Debug|Any CPU.Build.0 = Debug|Any CPU
		{1A0097FB-4D06-4FF0-940D-960138E580E9}.Debug|x64.ActiveCfg = Debug|Any CPU
		{1A0097FB-4D06-4FF0-940D-960138E580E9}.Debug|x64.Build.0 = Debug|Any CPU
		{1A0097FB-4D06-4FF0-940D-960138E580E9}.Debug|x86.ActiveCfg = Debug|Any CPU
		{1A0097FB-4D06-4FF0-940D-960138E580E9}.Debug|x86.Build.0 = Debug|Any CPU
		{1A0097FB-4D06-4FF0-940D-960138E580E9}.Release|Any CPU.ActiveCfg = Release|Any CPU
		{1A0097FB-4D06-4FF0-940D-960138E580E9}.Release|Any CPU.Build.0 = Release|Any CPU
		{1A0097FB-4D06-4FF0-940D-960138E580E9}.Release|x64.ActiveCfg = Release|Any CPU
		{1A0097FB-4D06-4FF0-940D-960138E580E9}.Release|x64.Build.0 = Release|Any CPU
		{1A0097FB-4D06-4FF0-940D-960138E580E9}.Release|x86.ActiveCfg = Release|Any CPU
		{1A0097FB-4D06-4FF0-940D-960138E580E9}.Release|x86.Build.0 = Release|Any CPU
		{C8B7E84F-0522-4B0A-B137-91071E5E95CC}.Debug|Any CPU.ActiveCfg = Debug|Any CPU
		{C8B7E84F-0522-4B0A-B137-91071E5E95CC}.Debug|Any CPU.Build.0 = Debug|Any CPU
		{C8B7E84F-0522-4B0A-B137-91071E5E95CC}.Debug|x64.ActiveCfg = Debug|Any CPU
		{C8B7E84F-0522-4B0A-B137-91071E5E95CC}.Debug|x64.Build.0 = Debug|Any CPU
		{C8B7E84F-0522-4B0A-B137-91071E5E95CC}.Debug|x86.ActiveCfg = Debug|Any CPU
		{C8B7E84F-0522-4B0A-B137-91071E5E95CC}.Debug|x86.Build.0 = Debug|Any CPU
		{C8B7E84F-0522-4B0A-B137-91071E5E95CC}.Release|Any CPU.ActiveCfg = Release|Any CPU
		{C8B7E84F-0522-4B0A-B137-91071E5E95CC}.Release|Any CPU.Build.0 = Release|Any CPU
		{C8B7E84F-0522-4B0A-B137-91071E5E95CC}.Release|x64.ActiveCfg = Release|Any CPU
		{C8B7E84F-0522-4B0A-B137-91071E5E95CC}.Release|x64.Build.0 = Release|Any CPU
		{C8B7E84F-0522-4B0A-B137-91071E5E95CC}.Release|x86.ActiveCfg = Release|Any CPU
		{C8B7E84F-0522-4B0A-B137-91071E5E95CC}.Release|x86.Build.0 = Release|Any CPU
		{1D4D20DA-239C-4CF1-8CBD-FF0B6452BE6D}.Debug|Any CPU.ActiveCfg = Debug|Any CPU
		{1D4D20DA-239C-4CF1-8CBD-FF0B6452BE6D}.Debug|Any CPU.Build.0 = Debug|Any CPU
		{1D4D20DA-239C-4CF1-8CBD-FF0B6452BE6D}.Debug|x64.ActiveCfg = Debug|Any CPU
		{1D4D20DA-239C-4CF1-8CBD-FF0B6452BE6D}.Debug|x64.Build.0 = Debug|Any CPU
		{1D4D20DA-239C-4CF1-8CBD-FF0B6452BE6D}.Debug|x86.ActiveCfg = Debug|Any CPU
		{1D4D20DA-239C-4CF1-8CBD-FF0B6452BE6D}.Debug|x86.Build.0 = Debug|Any CPU
		{1D4D20DA-239C-4CF1-8CBD-FF0B6452BE6D}.Release|Any CPU.ActiveCfg = Release|Any CPU
		{1D4D20DA-239C-4CF1-8CBD-FF0B6452BE6D}.Release|Any CPU.Build.0 = Release|Any CPU
		{1D4D20DA-239C-4CF1-8CBD-FF0B6452BE6D}.Release|x64.ActiveCfg = Release|Any CPU
		{1D4D20DA-239C-4CF1-8CBD-FF0B6452BE6D}.Release|x64.Build.0 = Release|Any CPU
		{1D4D20DA-239C-4CF1-8CBD-FF0B6452BE6D}.Release|x86.ActiveCfg = Release|Any CPU
		{1D4D20DA-239C-4CF1-8CBD-FF0B6452BE6D}.Release|x86.Build.0 = Release|Any CPU
		{2C2516C5-7C28-41D1-B403-E6E4E17DBBE4}.Debug|Any CPU.ActiveCfg = Debug|Any CPU
		{2C2516C5-7C28-41D1-B403-E6E4E17DBBE4}.Debug|Any CPU.Build.0 = Debug|Any CPU
		{2C2516C5-7C28-41D1-B403-E6E4E17DBBE4}.Debug|x64.ActiveCfg = Debug|Any CPU
		{2C2516C5-7C28-41D1-B403-E6E4E17DBBE4}.Debug|x64.Build.0 = Debug|Any CPU
		{2C2516C5-7C28-41D1-B403-E6E4E17DBBE4}.Debug|x86.ActiveCfg = Debug|Any CPU
		{2C2516C5-7C28-41D1-B403-E6E4E17DBBE4}.Debug|x86.Build.0 = Debug|Any CPU
		{2C2516C5-7C28-41D1-B403-E6E4E17DBBE4}.Release|Any CPU.ActiveCfg = Release|Any CPU
		{2C2516C5-7C28-41D1-B403-E6E4E17DBBE4}.Release|Any CPU.Build.0 = Release|Any CPU
		{2C2516C5-7C28-41D1-B403-E6E4E17DBBE4}.Release|x64.ActiveCfg = Release|Any CPU
		{2C2516C5-7C28-41D1-B403-E6E4E17DBBE4}.Release|x64.Build.0 = Release|Any CPU
		{2C2516C5-7C28-41D1-B403-E6E4E17DBBE4}.Release|x86.ActiveCfg = Release|Any CPU
		{2C2516C5-7C28-41D1-B403-E6E4E17DBBE4}.Release|x86.Build.0 = Release|Any CPU
		{EA14094F-FB55-5ABC-1402-B4229C4AD0B1}.Debug|Any CPU.ActiveCfg = Debug|Any CPU
		{EA14094F-FB55-5ABC-1402-B4229C4AD0B1}.Debug|Any CPU.Build.0 = Debug|Any CPU
		{EA14094F-FB55-5ABC-1402-B4229C4AD0B1}.Debug|x64.ActiveCfg = Debug|Any CPU
		{EA14094F-FB55-5ABC-1402-B4229C4AD0B1}.Debug|x64.Build.0 = Debug|Any CPU
		{EA14094F-FB55-5ABC-1402-B4229C4AD0B1}.Debug|x86.ActiveCfg = Debug|Any CPU
		{EA14094F-FB55-5ABC-1402-B4229C4AD0B1}.Debug|x86.Build.0 = Debug|Any CPU
		{EA14094F-FB55-5ABC-1402-B4229C4AD0B1}.Release|Any CPU.ActiveCfg = Release|Any CPU
		{EA14094F-FB55-5ABC-1402-B4229C4AD0B1}.Release|Any CPU.Build.0 = Release|Any CPU
		{EA14094F-FB55-5ABC-1402-B4229C4AD0B1}.Release|x64.ActiveCfg = Release|Any CPU
		{EA14094F-FB55-5ABC-1402-B4229C4AD0B1}.Release|x64.Build.0 = Release|Any CPU
		{EA14094F-FB55-5ABC-1402-B4229C4AD0B1}.Release|x86.ActiveCfg = Release|Any CPU
		{EA14094F-FB55-5ABC-1402-B4229C4AD0B1}.Release|x86.Build.0 = Release|Any CPU
		{5760279B-EA71-4D32-A812-604806956A6C}.Debug|Any CPU.ActiveCfg = Debug|Any CPU
		{5760279B-EA71-4D32-A812-604806956A6C}.Debug|Any CPU.Build.0 = Debug|Any CPU
		{5760279B-EA71-4D32-A812-604806956A6C}.Debug|x64.ActiveCfg = Debug|Any CPU
		{5760279B-EA71-4D32-A812-604806956A6C}.Debug|x64.Build.0 = Debug|Any CPU
		{5760279B-EA71-4D32-A812-604806956A6C}.Debug|x86.ActiveCfg = Debug|Any CPU
		{5760279B-EA71-4D32-A812-604806956A6C}.Debug|x86.Build.0 = Debug|Any CPU
		{5760279B-EA71-4D32-A812-604806956A6C}.Release|Any CPU.ActiveCfg = Release|Any CPU
		{5760279B-EA71-4D32-A812-604806956A6C}.Release|Any CPU.Build.0 = Release|Any CPU
		{5760279B-EA71-4D32-A812-604806956A6C}.Release|x64.ActiveCfg = Release|Any CPU
		{5760279B-EA71-4D32-A812-604806956A6C}.Release|x64.Build.0 = Release|Any CPU
		{5760279B-EA71-4D32-A812-604806956A6C}.Release|x86.ActiveCfg = Release|Any CPU
		{5760279B-EA71-4D32-A812-604806956A6C}.Release|x86.Build.0 = Release|Any CPU
		{9CB88928-7091-46B0-83D8-5D92C06B838A}.Debug|Any CPU.ActiveCfg = Debug|Any CPU
		{9CB88928-7091-46B0-83D8-5D92C06B838A}.Debug|Any CPU.Build.0 = Debug|Any CPU
		{9CB88928-7091-46B0-83D8-5D92C06B838A}.Debug|x64.ActiveCfg = Debug|Any CPU
		{9CB88928-7091-46B0-83D8-5D92C06B838A}.Debug|x64.Build.0 = Debug|Any CPU
		{9CB88928-7091-46B0-83D8-5D92C06B838A}.Debug|x86.ActiveCfg = Debug|Any CPU
		{9CB88928-7091-46B0-83D8-5D92C06B838A}.Debug|x86.Build.0 = Debug|Any CPU
		{9CB88928-7091-46B0-83D8-5D92C06B838A}.Release|Any CPU.ActiveCfg = Release|Any CPU
		{9CB88928-7091-46B0-83D8-5D92C06B838A}.Release|Any CPU.Build.0 = Release|Any CPU
		{9CB88928-7091-46B0-83D8-5D92C06B838A}.Release|x64.ActiveCfg = Release|Any CPU
		{9CB88928-7091-46B0-83D8-5D92C06B838A}.Release|x64.Build.0 = Release|Any CPU
		{9CB88928-7091-46B0-83D8-5D92C06B838A}.Release|x86.ActiveCfg = Release|Any CPU
		{9CB88928-7091-46B0-83D8-5D92C06B838A}.Release|x86.Build.0 = Release|Any CPU
		{A648AC06-8028-406B-B7CD-809C2967D782}.Debug|Any CPU.ActiveCfg = Debug|Any CPU
		{A648AC06-8028-406B-B7CD-809C2967D782}.Debug|Any CPU.Build.0 = Debug|Any CPU
		{A648AC06-8028-406B-B7CD-809C2967D782}.Debug|x64.ActiveCfg = Debug|Any CPU
		{A648AC06-8028-406B-B7CD-809C2967D782}.Debug|x64.Build.0 = Debug|Any CPU
		{A648AC06-8028-406B-B7CD-809C2967D782}.Debug|x86.ActiveCfg = Debug|Any CPU
		{A648AC06-8028-406B-B7CD-809C2967D782}.Debug|x86.Build.0 = Debug|Any CPU
		{A648AC06-8028-406B-B7CD-809C2967D782}.Release|Any CPU.ActiveCfg = Release|Any CPU
		{A648AC06-8028-406B-B7CD-809C2967D782}.Release|Any CPU.Build.0 = Release|Any CPU
		{A648AC06-8028-406B-B7CD-809C2967D782}.Release|x64.ActiveCfg = Release|Any CPU
		{A648AC06-8028-406B-B7CD-809C2967D782}.Release|x64.Build.0 = Release|Any CPU
		{A648AC06-8028-406B-B7CD-809C2967D782}.Release|x86.ActiveCfg = Release|Any CPU
		{A648AC06-8028-406B-B7CD-809C2967D782}.Release|x86.Build.0 = Release|Any CPU
		{85645E0A-B9CA-49BF-B619-7F15AC05D6A6}.Debug|Any CPU.ActiveCfg = Debug|Any CPU
		{85645E0A-B9CA-49BF-B619-7F15AC05D6A6}.Debug|Any CPU.Build.0 = Debug|Any CPU
		{85645E0A-B9CA-49BF-B619-7F15AC05D6A6}.Debug|x64.ActiveCfg = Debug|Any CPU
		{85645E0A-B9CA-49BF-B619-7F15AC05D6A6}.Debug|x64.Build.0 = Debug|Any CPU
		{85645E0A-B9CA-49BF-B619-7F15AC05D6A6}.Debug|x86.ActiveCfg = Debug|Any CPU
		{85645E0A-B9CA-49BF-B619-7F15AC05D6A6}.Debug|x86.Build.0 = Debug|Any CPU
		{85645E0A-B9CA-49BF-B619-7F15AC05D6A6}.Release|Any CPU.ActiveCfg = Release|Any CPU
		{85645E0A-B9CA-49BF-B619-7F15AC05D6A6}.Release|Any CPU.Build.0 = Release|Any CPU
		{85645E0A-B9CA-49BF-B619-7F15AC05D6A6}.Release|x64.ActiveCfg = Release|Any CPU
		{85645E0A-B9CA-49BF-B619-7F15AC05D6A6}.Release|x64.Build.0 = Release|Any CPU
		{85645E0A-B9CA-49BF-B619-7F15AC05D6A6}.Release|x86.ActiveCfg = Release|Any CPU
		{85645E0A-B9CA-49BF-B619-7F15AC05D6A6}.Release|x86.Build.0 = Release|Any CPU
		{34E549B8-ECCB-495F-9B41-60D9E0CEC3B7}.Debug|Any CPU.ActiveCfg = Debug|Any CPU
		{34E549B8-ECCB-495F-9B41-60D9E0CEC3B7}.Debug|Any CPU.Build.0 = Debug|Any CPU
		{34E549B8-ECCB-495F-9B41-60D9E0CEC3B7}.Debug|x64.ActiveCfg = Debug|Any CPU
		{34E549B8-ECCB-495F-9B41-60D9E0CEC3B7}.Debug|x64.Build.0 = Debug|Any CPU
		{34E549B8-ECCB-495F-9B41-60D9E0CEC3B7}.Debug|x86.ActiveCfg = Debug|Any CPU
		{34E549B8-ECCB-495F-9B41-60D9E0CEC3B7}.Debug|x86.Build.0 = Debug|Any CPU
		{34E549B8-ECCB-495F-9B41-60D9E0CEC3B7}.Release|Any CPU.ActiveCfg = Release|Any CPU
		{34E549B8-ECCB-495F-9B41-60D9E0CEC3B7}.Release|Any CPU.Build.0 = Release|Any CPU
		{34E549B8-ECCB-495F-9B41-60D9E0CEC3B7}.Release|x64.ActiveCfg = Release|Any CPU
		{34E549B8-ECCB-495F-9B41-60D9E0CEC3B7}.Release|x64.Build.0 = Release|Any CPU
		{34E549B8-ECCB-495F-9B41-60D9E0CEC3B7}.Release|x86.ActiveCfg = Release|Any CPU
		{34E549B8-ECCB-495F-9B41-60D9E0CEC3B7}.Release|x86.Build.0 = Release|Any CPU
		{6C7DE3C8-9A52-4124-B268-9183A413062D}.Debug|Any CPU.ActiveCfg = Debug|Any CPU
		{6C7DE3C8-9A52-4124-B268-9183A413062D}.Debug|Any CPU.Build.0 = Debug|Any CPU
		{6C7DE3C8-9A52-4124-B268-9183A413062D}.Debug|x64.ActiveCfg = Debug|Any CPU
		{6C7DE3C8-9A52-4124-B268-9183A413062D}.Debug|x64.Build.0 = Debug|Any CPU
		{6C7DE3C8-9A52-4124-B268-9183A413062D}.Debug|x86.ActiveCfg = Debug|Any CPU
		{6C7DE3C8-9A52-4124-B268-9183A413062D}.Debug|x86.Build.0 = Debug|Any CPU
		{6C7DE3C8-9A52-4124-B268-9183A413062D}.Release|Any CPU.ActiveCfg = Release|Any CPU
		{6C7DE3C8-9A52-4124-B268-9183A413062D}.Release|Any CPU.Build.0 = Release|Any CPU
		{6C7DE3C8-9A52-4124-B268-9183A413062D}.Release|x64.ActiveCfg = Release|Any CPU
		{6C7DE3C8-9A52-4124-B268-9183A413062D}.Release|x64.Build.0 = Release|Any CPU
		{6C7DE3C8-9A52-4124-B268-9183A413062D}.Release|x86.ActiveCfg = Release|Any CPU
		{6C7DE3C8-9A52-4124-B268-9183A413062D}.Release|x86.Build.0 = Release|Any CPU
		{42D744E7-89FE-40FB-9335-BEE0612D1159}.Debug|Any CPU.ActiveCfg = Debug|Any CPU
		{42D744E7-89FE-40FB-9335-BEE0612D1159}.Debug|Any CPU.Build.0 = Debug|Any CPU
		{42D744E7-89FE-40FB-9335-BEE0612D1159}.Debug|x64.ActiveCfg = Debug|Any CPU
		{42D744E7-89FE-40FB-9335-BEE0612D1159}.Debug|x64.Build.0 = Debug|Any CPU
		{42D744E7-89FE-40FB-9335-BEE0612D1159}.Debug|x86.ActiveCfg = Debug|Any CPU
		{42D744E7-89FE-40FB-9335-BEE0612D1159}.Debug|x86.Build.0 = Debug|Any CPU
		{42D744E7-89FE-40FB-9335-BEE0612D1159}.Release|Any CPU.ActiveCfg = Release|Any CPU
		{42D744E7-89FE-40FB-9335-BEE0612D1159}.Release|Any CPU.Build.0 = Release|Any CPU
		{42D744E7-89FE-40FB-9335-BEE0612D1159}.Release|x64.ActiveCfg = Release|Any CPU
		{42D744E7-89FE-40FB-9335-BEE0612D1159}.Release|x64.Build.0 = Release|Any CPU
		{42D744E7-89FE-40FB-9335-BEE0612D1159}.Release|x86.ActiveCfg = Release|Any CPU
		{42D744E7-89FE-40FB-9335-BEE0612D1159}.Release|x86.Build.0 = Release|Any CPU
		{5E60E2D4-2518-4CAB-81DF-0E1F88F18536}.Debug|Any CPU.ActiveCfg = Debug|Any CPU
		{5E60E2D4-2518-4CAB-81DF-0E1F88F18536}.Debug|Any CPU.Build.0 = Debug|Any CPU
		{5E60E2D4-2518-4CAB-81DF-0E1F88F18536}.Debug|x64.ActiveCfg = Debug|Any CPU
		{5E60E2D4-2518-4CAB-81DF-0E1F88F18536}.Debug|x64.Build.0 = Debug|Any CPU
		{5E60E2D4-2518-4CAB-81DF-0E1F88F18536}.Debug|x86.ActiveCfg = Debug|Any CPU
		{5E60E2D4-2518-4CAB-81DF-0E1F88F18536}.Debug|x86.Build.0 = Debug|Any CPU
		{5E60E2D4-2518-4CAB-81DF-0E1F88F18536}.Release|Any CPU.ActiveCfg = Release|Any CPU
		{5E60E2D4-2518-4CAB-81DF-0E1F88F18536}.Release|Any CPU.Build.0 = Release|Any CPU
		{5E60E2D4-2518-4CAB-81DF-0E1F88F18536}.Release|x64.ActiveCfg = Release|Any CPU
		{5E60E2D4-2518-4CAB-81DF-0E1F88F18536}.Release|x64.Build.0 = Release|Any CPU
		{5E60E2D4-2518-4CAB-81DF-0E1F88F18536}.Release|x86.ActiveCfg = Release|Any CPU
		{5E60E2D4-2518-4CAB-81DF-0E1F88F18536}.Release|x86.Build.0 = Release|Any CPU
		{73826397-4450-4660-8BFB-7E7498953F53}.Debug|Any CPU.ActiveCfg = Debug|Any CPU
		{73826397-4450-4660-8BFB-7E7498953F53}.Debug|Any CPU.Build.0 = Debug|Any CPU
		{73826397-4450-4660-8BFB-7E7498953F53}.Debug|x64.ActiveCfg = Debug|Any CPU
		{73826397-4450-4660-8BFB-7E7498953F53}.Debug|x64.Build.0 = Debug|Any CPU
		{73826397-4450-4660-8BFB-7E7498953F53}.Debug|x86.ActiveCfg = Debug|Any CPU
		{73826397-4450-4660-8BFB-7E7498953F53}.Debug|x86.Build.0 = Debug|Any CPU
		{73826397-4450-4660-8BFB-7E7498953F53}.Release|Any CPU.ActiveCfg = Release|Any CPU
		{73826397-4450-4660-8BFB-7E7498953F53}.Release|Any CPU.Build.0 = Release|Any CPU
		{73826397-4450-4660-8BFB-7E7498953F53}.Release|x64.ActiveCfg = Release|Any CPU
		{73826397-4450-4660-8BFB-7E7498953F53}.Release|x64.Build.0 = Release|Any CPU
		{73826397-4450-4660-8BFB-7E7498953F53}.Release|x86.ActiveCfg = Release|Any CPU
		{73826397-4450-4660-8BFB-7E7498953F53}.Release|x86.Build.0 = Release|Any CPU
		{FF5A6DDE-E98E-479A-8DC2-EDF6D1B58764}.Debug|Any CPU.ActiveCfg = Debug|Any CPU
		{FF5A6DDE-E98E-479A-8DC2-EDF6D1B58764}.Debug|Any CPU.Build.0 = Debug|Any CPU
		{FF5A6DDE-E98E-479A-8DC2-EDF6D1B58764}.Debug|x64.ActiveCfg = Debug|Any CPU
		{FF5A6DDE-E98E-479A-8DC2-EDF6D1B58764}.Debug|x64.Build.0 = Debug|Any CPU
		{FF5A6DDE-E98E-479A-8DC2-EDF6D1B58764}.Debug|x86.ActiveCfg = Debug|Any CPU
		{FF5A6DDE-E98E-479A-8DC2-EDF6D1B58764}.Debug|x86.Build.0 = Debug|Any CPU
		{FF5A6DDE-E98E-479A-8DC2-EDF6D1B58764}.Release|Any CPU.ActiveCfg = Release|Any CPU
		{FF5A6DDE-E98E-479A-8DC2-EDF6D1B58764}.Release|Any CPU.Build.0 = Release|Any CPU
		{FF5A6DDE-E98E-479A-8DC2-EDF6D1B58764}.Release|x64.ActiveCfg = Release|Any CPU
		{FF5A6DDE-E98E-479A-8DC2-EDF6D1B58764}.Release|x64.Build.0 = Release|Any CPU
		{FF5A6DDE-E98E-479A-8DC2-EDF6D1B58764}.Release|x86.ActiveCfg = Release|Any CPU
		{FF5A6DDE-E98E-479A-8DC2-EDF6D1B58764}.Release|x86.Build.0 = Release|Any CPU
		{8D9EA2A0-B010-4A0E-855D-1987DB5B1895}.Debug|Any CPU.ActiveCfg = Debug|Any CPU
		{8D9EA2A0-B010-4A0E-855D-1987DB5B1895}.Debug|Any CPU.Build.0 = Debug|Any CPU
		{8D9EA2A0-B010-4A0E-855D-1987DB5B1895}.Debug|x64.ActiveCfg = Debug|Any CPU
		{8D9EA2A0-B010-4A0E-855D-1987DB5B1895}.Debug|x64.Build.0 = Debug|Any CPU
		{8D9EA2A0-B010-4A0E-855D-1987DB5B1895}.Debug|x86.ActiveCfg = Debug|Any CPU
		{8D9EA2A0-B010-4A0E-855D-1987DB5B1895}.Debug|x86.Build.0 = Debug|Any CPU
		{8D9EA2A0-B010-4A0E-855D-1987DB5B1895}.Release|Any CPU.ActiveCfg = Release|Any CPU
		{8D9EA2A0-B010-4A0E-855D-1987DB5B1895}.Release|Any CPU.Build.0 = Release|Any CPU
		{8D9EA2A0-B010-4A0E-855D-1987DB5B1895}.Release|x64.ActiveCfg = Release|Any CPU
		{8D9EA2A0-B010-4A0E-855D-1987DB5B1895}.Release|x64.Build.0 = Release|Any CPU
		{8D9EA2A0-B010-4A0E-855D-1987DB5B1895}.Release|x86.ActiveCfg = Release|Any CPU
		{8D9EA2A0-B010-4A0E-855D-1987DB5B1895}.Release|x86.Build.0 = Release|Any CPU
		{E0EE66F9-5143-47DA-BB5E-423414C2533C}.Debug|Any CPU.ActiveCfg = Debug|Any CPU
		{E0EE66F9-5143-47DA-BB5E-423414C2533C}.Debug|Any CPU.Build.0 = Debug|Any CPU
		{E0EE66F9-5143-47DA-BB5E-423414C2533C}.Debug|x64.ActiveCfg = Debug|Any CPU
		{E0EE66F9-5143-47DA-BB5E-423414C2533C}.Debug|x64.Build.0 = Debug|Any CPU
		{E0EE66F9-5143-47DA-BB5E-423414C2533C}.Debug|x86.ActiveCfg = Debug|Any CPU
		{E0EE66F9-5143-47DA-BB5E-423414C2533C}.Debug|x86.Build.0 = Debug|Any CPU
		{E0EE66F9-5143-47DA-BB5E-423414C2533C}.Release|Any CPU.ActiveCfg = Release|Any CPU
		{E0EE66F9-5143-47DA-BB5E-423414C2533C}.Release|Any CPU.Build.0 = Release|Any CPU
		{E0EE66F9-5143-47DA-BB5E-423414C2533C}.Release|x64.ActiveCfg = Release|Any CPU
		{E0EE66F9-5143-47DA-BB5E-423414C2533C}.Release|x64.Build.0 = Release|Any CPU
		{E0EE66F9-5143-47DA-BB5E-423414C2533C}.Release|x86.ActiveCfg = Release|Any CPU
		{E0EE66F9-5143-47DA-BB5E-423414C2533C}.Release|x86.Build.0 = Release|Any CPU
		{4E447F49-44BA-4A88-824F-A94751D92687}.Debug|Any CPU.ActiveCfg = Debug|Any CPU
		{4E447F49-44BA-4A88-824F-A94751D92687}.Debug|Any CPU.Build.0 = Debug|Any CPU
		{4E447F49-44BA-4A88-824F-A94751D92687}.Debug|x64.ActiveCfg = Debug|Any CPU
		{4E447F49-44BA-4A88-824F-A94751D92687}.Debug|x64.Build.0 = Debug|Any CPU
		{4E447F49-44BA-4A88-824F-A94751D92687}.Debug|x86.ActiveCfg = Debug|Any CPU
		{4E447F49-44BA-4A88-824F-A94751D92687}.Debug|x86.Build.0 = Debug|Any CPU
		{4E447F49-44BA-4A88-824F-A94751D92687}.Release|Any CPU.ActiveCfg = Release|Any CPU
		{4E447F49-44BA-4A88-824F-A94751D92687}.Release|Any CPU.Build.0 = Release|Any CPU
		{4E447F49-44BA-4A88-824F-A94751D92687}.Release|x64.ActiveCfg = Release|Any CPU
		{4E447F49-44BA-4A88-824F-A94751D92687}.Release|x64.Build.0 = Release|Any CPU
		{4E447F49-44BA-4A88-824F-A94751D92687}.Release|x86.ActiveCfg = Release|Any CPU
		{4E447F49-44BA-4A88-824F-A94751D92687}.Release|x86.Build.0 = Release|Any CPU
		{24FF01C4-D19C-4904-91E9-CD79EDC64D2A}.Debug|Any CPU.ActiveCfg = Debug|Any CPU
		{24FF01C4-D19C-4904-91E9-CD79EDC64D2A}.Debug|Any CPU.Build.0 = Debug|Any CPU
		{24FF01C4-D19C-4904-91E9-CD79EDC64D2A}.Debug|x64.ActiveCfg = Debug|Any CPU
		{24FF01C4-D19C-4904-91E9-CD79EDC64D2A}.Debug|x64.Build.0 = Debug|Any CPU
		{24FF01C4-D19C-4904-91E9-CD79EDC64D2A}.Debug|x86.ActiveCfg = Debug|Any CPU
		{24FF01C4-D19C-4904-91E9-CD79EDC64D2A}.Debug|x86.Build.0 = Debug|Any CPU
		{24FF01C4-D19C-4904-91E9-CD79EDC64D2A}.Release|Any CPU.ActiveCfg = Release|Any CPU
		{24FF01C4-D19C-4904-91E9-CD79EDC64D2A}.Release|Any CPU.Build.0 = Release|Any CPU
		{24FF01C4-D19C-4904-91E9-CD79EDC64D2A}.Release|x64.ActiveCfg = Release|Any CPU
		{24FF01C4-D19C-4904-91E9-CD79EDC64D2A}.Release|x64.Build.0 = Release|Any CPU
		{24FF01C4-D19C-4904-91E9-CD79EDC64D2A}.Release|x86.ActiveCfg = Release|Any CPU
		{24FF01C4-D19C-4904-91E9-CD79EDC64D2A}.Release|x86.Build.0 = Release|Any CPU
		{322A6D60-2695-40CD-B26B-52C8D878B606}.Debug|Any CPU.ActiveCfg = Debug|Any CPU
		{322A6D60-2695-40CD-B26B-52C8D878B606}.Debug|Any CPU.Build.0 = Debug|Any CPU
		{322A6D60-2695-40CD-B26B-52C8D878B606}.Debug|x64.ActiveCfg = Debug|Any CPU
		{322A6D60-2695-40CD-B26B-52C8D878B606}.Debug|x64.Build.0 = Debug|Any CPU
		{322A6D60-2695-40CD-B26B-52C8D878B606}.Debug|x86.ActiveCfg = Debug|Any CPU
		{322A6D60-2695-40CD-B26B-52C8D878B606}.Debug|x86.Build.0 = Debug|Any CPU
		{322A6D60-2695-40CD-B26B-52C8D878B606}.Release|Any CPU.ActiveCfg = Release|Any CPU
		{322A6D60-2695-40CD-B26B-52C8D878B606}.Release|Any CPU.Build.0 = Release|Any CPU
		{322A6D60-2695-40CD-B26B-52C8D878B606}.Release|x64.ActiveCfg = Release|Any CPU
		{322A6D60-2695-40CD-B26B-52C8D878B606}.Release|x64.Build.0 = Release|Any CPU
		{322A6D60-2695-40CD-B26B-52C8D878B606}.Release|x86.ActiveCfg = Release|Any CPU
		{322A6D60-2695-40CD-B26B-52C8D878B606}.Release|x86.Build.0 = Release|Any CPU
		{12034D31-9426-42BD-B519-745EEBD46B52}.Debug|Any CPU.ActiveCfg = Debug|Any CPU
		{12034D31-9426-42BD-B519-745EEBD46B52}.Debug|Any CPU.Build.0 = Debug|Any CPU
		{12034D31-9426-42BD-B519-745EEBD46B52}.Debug|x64.ActiveCfg = Debug|Any CPU
		{12034D31-9426-42BD-B519-745EEBD46B52}.Debug|x64.Build.0 = Debug|Any CPU
		{12034D31-9426-42BD-B519-745EEBD46B52}.Debug|x86.ActiveCfg = Debug|Any CPU
		{12034D31-9426-42BD-B519-745EEBD46B52}.Debug|x86.Build.0 = Debug|Any CPU
		{12034D31-9426-42BD-B519-745EEBD46B52}.Release|Any CPU.ActiveCfg = Release|Any CPU
		{12034D31-9426-42BD-B519-745EEBD46B52}.Release|Any CPU.Build.0 = Release|Any CPU
		{12034D31-9426-42BD-B519-745EEBD46B52}.Release|x64.ActiveCfg = Release|Any CPU
		{12034D31-9426-42BD-B519-745EEBD46B52}.Release|x64.Build.0 = Release|Any CPU
		{12034D31-9426-42BD-B519-745EEBD46B52}.Release|x86.ActiveCfg = Release|Any CPU
		{12034D31-9426-42BD-B519-745EEBD46B52}.Release|x86.Build.0 = Release|Any CPU
		{C13BA7C1-9B5B-4430-A19F-A6B3AA98BFD2}.Debug|Any CPU.ActiveCfg = Debug|Any CPU
		{C13BA7C1-9B5B-4430-A19F-A6B3AA98BFD2}.Debug|Any CPU.Build.0 = Debug|Any CPU
		{C13BA7C1-9B5B-4430-A19F-A6B3AA98BFD2}.Debug|x64.ActiveCfg = Debug|Any CPU
		{C13BA7C1-9B5B-4430-A19F-A6B3AA98BFD2}.Debug|x64.Build.0 = Debug|Any CPU
		{C13BA7C1-9B5B-4430-A19F-A6B3AA98BFD2}.Debug|x86.ActiveCfg = Debug|Any CPU
		{C13BA7C1-9B5B-4430-A19F-A6B3AA98BFD2}.Debug|x86.Build.0 = Debug|Any CPU
		{C13BA7C1-9B5B-4430-A19F-A6B3AA98BFD2}.Release|Any CPU.ActiveCfg = Release|Any CPU
		{C13BA7C1-9B5B-4430-A19F-A6B3AA98BFD2}.Release|Any CPU.Build.0 = Release|Any CPU
		{C13BA7C1-9B5B-4430-A19F-A6B3AA98BFD2}.Release|x64.ActiveCfg = Release|Any CPU
		{C13BA7C1-9B5B-4430-A19F-A6B3AA98BFD2}.Release|x64.Build.0 = Release|Any CPU
		{C13BA7C1-9B5B-4430-A19F-A6B3AA98BFD2}.Release|x86.ActiveCfg = Release|Any CPU
		{C13BA7C1-9B5B-4430-A19F-A6B3AA98BFD2}.Release|x86.Build.0 = Release|Any CPU
	EndGlobalSection
	GlobalSection(SolutionProperties) = preSolution
		HideSolutionNode = FALSE
	EndGlobalSection
	GlobalSection(NestedProjects) = preSolution
		{507358DA-54FA-4740-8BDC-7B8EFC6C7A10} = {02EA681E-C7D8-13C7-8484-4AC65E1B71E8}
		{515707AE-46DA-409E-8414-FA10BBF1A0FB} = {507358DA-54FA-4740-8BDC-7B8EFC6C7A10}
		{5107D692-A83F-4B9B-B276-CDF10B06F48D} = {02EA681E-C7D8-13C7-8484-4AC65E1B71E8}
		{636F2554-FD8C-42A5-BDEF-24C0E265FC73} = {5107D692-A83F-4B9B-B276-CDF10B06F48D}
		{62D2B539-9C38-4F50-B494-7A28DB908FE4} = {02EA681E-C7D8-13C7-8484-4AC65E1B71E8}
		{64C239A4-20AC-44F0-B81C-A2EE5FCFE541} = {62D2B539-9C38-4F50-B494-7A28DB908FE4}
		{DDB49DAE-D529-44A1-9DA5-7D6B1F4E9BBC} = {62D2B539-9C38-4F50-B494-7A28DB908FE4}
		{F417005A-651D-479E-90D9-679A70BE5EB6} = {62D2B539-9C38-4F50-B494-7A28DB908FE4}
		{1A0097FB-4D06-4FF0-940D-960138E580E9} = {64C239A4-20AC-44F0-B81C-A2EE5FCFE541}
		{C8B7E84F-0522-4B0A-B137-91071E5E95CC} = {64C239A4-20AC-44F0-B81C-A2EE5FCFE541}
		{1D4D20DA-239C-4CF1-8CBD-FF0B6452BE6D} = {DDB49DAE-D529-44A1-9DA5-7D6B1F4E9BBC}
		{2C2516C5-7C28-41D1-B403-E6E4E17DBBE4} = {F417005A-651D-479E-90D9-679A70BE5EB6}
		{EA14094F-FB55-5ABC-1402-B4229C4AD0B1} = {CFAE3866-AF1B-4F3D-BF1A-100AC384642F}
		{DB5B6422-D682-49E7-B6BE-BADA25789718} = {02EA681E-C7D8-13C7-8484-4AC65E1B71E8}
		{5760279B-EA71-4D32-A812-604806956A6C} = {DB5B6422-D682-49E7-B6BE-BADA25789718}
		{9CB88928-7091-46B0-83D8-5D92C06B838A} = {DB5B6422-D682-49E7-B6BE-BADA25789718}
		{A648AC06-8028-406B-B7CD-809C2967D782} = {DB5B6422-D682-49E7-B6BE-BADA25789718}
		{85645E0A-B9CA-49BF-B619-7F15AC05D6A6} = {DB5B6422-D682-49E7-B6BE-BADA25789718}
		{34E549B8-ECCB-495F-9B41-60D9E0CEC3B7} = {DB5B6422-D682-49E7-B6BE-BADA25789718}
		{2F5E8C7A-AEE5-472C-ADAC-0D0CA5583749} = {02EA681E-C7D8-13C7-8484-4AC65E1B71E8}
		{6C7DE3C8-9A52-4124-B268-9183A413062D} = {2F5E8C7A-AEE5-472C-ADAC-0D0CA5583749}
		{42D744E7-89FE-40FB-9335-BEE0612D1159} = {F00A7721-9CB7-458A-8E4F-33D51E43D5CD}
		{5E60E2D4-2518-4CAB-81DF-0E1F88F18536} = {F00A7721-9CB7-458A-8E4F-33D51E43D5CD}
		{ED21DD2A-AAFB-4E2A-A360-702D4190E832} = {02EA681E-C7D8-13C7-8484-4AC65E1B71E8}
		{73826397-4450-4660-8BFB-7E7498953F53} = {ED21DD2A-AAFB-4E2A-A360-702D4190E832}
		{FF5A6DDE-E98E-479A-8DC2-EDF6D1B58764} = {68E59B66-481E-4992-8490-61E3DAB46AB6}
		{D356115E-86D3-46D3-BC4D-B841B3A699BF} = {02EA681E-C7D8-13C7-8484-4AC65E1B71E8}
		{8D9EA2A0-B010-4A0E-855D-1987DB5B1895} = {D356115E-86D3-46D3-BC4D-B841B3A699BF}
		{F28DE4BF-B6AA-4916-A506-4234FC9FC0B9} = {02EA681E-C7D8-13C7-8484-4AC65E1B71E8}
		{E0EE66F9-5143-47DA-BB5E-423414C2533C} = {F28DE4BF-B6AA-4916-A506-4234FC9FC0B9}
		{91963E65-1525-4BF7-9407-BC326CE69223} = {02EA681E-C7D8-13C7-8484-4AC65E1B71E8}
		{4E447F49-44BA-4A88-824F-A94751D92687} = {91963E65-1525-4BF7-9407-BC326CE69223}
		{0EC661A1-016F-4871-8948-E4EEBA882B15} = {02EA681E-C7D8-13C7-8484-4AC65E1B71E8}
		{24FF01C4-D19C-4904-91E9-CD79EDC64D2A} = {0EC661A1-016F-4871-8948-E4EEBA882B15}
		{CD65F990-09A8-4E37-A7BE-EBE6861D1F5C} = {02EA681E-C7D8-13C7-8484-4AC65E1B71E8}
		{322A6D60-2695-40CD-B26B-52C8D878B606} = {CD65F990-09A8-4E37-A7BE-EBE6861D1F5C}
		{F6837681-CAB8-484A-A076-19A1FB0B68D7} = {02EA681E-C7D8-13C7-8484-4AC65E1B71E8}
		{12034D31-9426-42BD-B519-745EEBD46B52} = {F6837681-CAB8-484A-A076-19A1FB0B68D7}
		{53E09DBE-89A2-68F1-03D1-1A4E597EA633} = {02EA681E-C7D8-13C7-8484-4AC65E1B71E8}
		{C13BA7C1-9B5B-4430-A19F-A6B3AA98BFD2} = {53E09DBE-89A2-68F1-03D1-1A4E597EA633}
	EndGlobalSection
	GlobalSection(ExtensibilityGlobals) = postSolution
		SolutionGuid = {C99D16D4-38B4-40FF-B5BF-AA27E7F0242C}
	EndGlobalSection
EndGlobal
